
Microsoft Visual Studio Solution File, Format Version 12.00
# Visual Studio Version 17
VisualStudioVersion = 17.10.35013.160
MinimumVisualStudioVersion = 10.0.40219.1
Project("{FAE04EC0-301F-11D3-BF4B-00C04F79EFBC}") = "CreditProposal.API", "CreditProposal.API.csproj", "{50B91FA6-48DC-4C07-A656-3759FA15EA76}"
EndProject
Global
	GlobalSection(SolutionConfigurationPlatforms) = preSolution
		Debug|Any CPU = Debug|Any CPU
		Release|Any CPU = Release|Any CPU
	EndGlobalSection
	GlobalSection(ProjectConfigurationPlatforms) = postSolution
		{50B91FA6-48DC-4C07-A656-3759FA15EA76}.Debug|Any CPU.ActiveCfg = Debug|Any CPU
		{50B91FA6-48DC-4C07-A656-3759FA15EA76}.Debug|Any CPU.Build.0 = Debug|Any CPU
		{50B91FA6-48DC-4C07-A656-3759FA15EA76}.Release|Any CPU.ActiveCfg = Release|Any CPU
		{50B91FA6-48DC-4C07-A656-3759FA15EA76}.Release|Any CPU.Build.0 = Release|Any CPU
	EndGlobalSection
	GlobalSection(SolutionProperties) = preSolution
		HideSolutionNode = FALSE
	EndGlobalSection
	GlobalSection(ExtensibilityGlobals) = postSolution
		SolutionGuid = {AE02D2EB-267A-44FA-88D0-918C08219B1D}
	EndGlobalSection
EndGlobal
